// !$*UTF8*$!
{
	archiveVersion = 1;
	classes = {
	};
	objectVersion = 77;
	objects = {

/* Begin PBXBuildFile section */
		5B473BCF2EBFBC7700CAFA9B /* Lottie in Frameworks */ = {isa = PBXBuildFile; productRef = 5B473BCE2EBFBC7700CAFA9B /* Lottie */; };
/* End PBXBuildFile section */

/* Begin PBXContainerItemProxy section */
		5B473B332EBC09D300CAFA9B /* PBXContainerItemProxy */ = {
			isa = PBXContainerItemProxy;
			containerPortal = 5B473B1D2EBC09D100CAFA9B /* Project object */;
			proxyType = 1;
			remoteGlobalIDString = 5B473B242EBC09D100CAFA9B;
			remoteInfo = "tapelab-beta";
		};
		5B473B3D2EBC09D300CAFA9B /* PBXContainerItemProxy */ = {
			isa = PBXContainerItemProxy;
			containerPortal = 5B473B1D2EBC09D100CAFA9B /* Project object */;
			proxyType = 1;
			remoteGlobalIDString = 5B473B242EBC09D100CAFA9B;
			remoteInfo = "tapelab-beta";
		};
/* End PBXContainerItemProxy section */

/* Begin PBXFileReference section */
		5B473B252EBC09D100CAFA9B /* tapelab-beta.app */ = {isa = PBXFileReference; explicitFileType = wrapper.application; includeInIndex = 0; path = "tapelab-beta.app"; sourceTree = BUILT_PRODUCTS_DIR; };
		5B473B322EBC09D300CAFA9B /* tapelab-betaTests.xctest */ = {isa = PBXFileReference; explicitFileType = wrapper.cfbundle; includeInIndex = 0; path = "tapelab-betaTests.xctest"; sourceTree = BUILT_PRODUCTS_DIR; };
		5B473B3C2EBC09D300CAFA9B /* tapelab-betaUITests.xctest */ = {isa = PBXFileReference; explicitFileType = wrapper.cfbundle; includeInIndex = 0; path = "tapelab-betaUITests.xctest"; sourceTree = BUILT_PRODUCTS_DIR; };
/* End PBXFileReference section */

/* Begin PBXFileSystemSynchronizedRootGroup section */
		5B473B272EBC09D100CAFA9B /* tapelab-beta */ = {
			isa = PBXFileSystemSynchronizedRootGroup;
			path = "tapelab-beta";
			sourceTree = "<group>";
		};
		5B473B352EBC09D300CAFA9B /* tapelab-betaTests */ = {
			isa = PBXFileSystemSynchronizedRootGroup;
			path = "tapelab-betaTests";
			sourceTree = "<group>";
		};
		5B473B3F2EBC09D300CAFA9B /* tapelab-betaUITests */ = {
			isa = PBXFileSystemSynchronizedRootGroup;
			path = "tapelab-betaUITests";
			sourceTree = "<group>";
		};
/* End PBXFileSystemSynchronizedRootGroup section */

/* Begin PBXFrameworksBuildPhase section */
		5B473B222EBC09D100CAFA9B /* Frameworks */ = {
			isa = PBXFrameworksBuildPhase;
			buildActionMask = 2147483647;
			files = (
				5B473BCF2EBFBC7700CAFA9B /* Lottie in Frameworks */,
			);
			runOnlyForDeploymentPostprocessing = 0;
		};
		5B473B2F2EBC09D300CAFA9B /* Frameworks */ = {
			isa = PBXFrameworksBuildPhase;
			buildActionMask = 2147483647;
			files = (
			);
			runOnlyForDeploymentPostprocessing = 0;
		};
		5B473B392EBC09D300CAFA9B /* Frameworks */ = {
			isa = PBXFrameworksBuildPhase;
			buildActionMask = 2147483647;
			files = (
			);
			runOnlyForDeploymentPostprocessing = 0;
		};
/* End PBXFrameworksBuildPhase section */

/* Begin PBXGroup section */
		5B473B1C2EBC09D100CAFA9B = {
			isa = PBXGroup;
			children = (
				5B473B272EBC09D100CAFA9B /* tapelab-beta */,
				5B473B352EBC09D300CAFA9B /* tapelab-betaTests */,
				5B473B3F2EBC09D300CAFA9B /* tapelab-betaUITests */,
				5B473B262EBC09D100CAFA9B /* Products */,
			);
			sourceTree = "<group>";
		};
		5B473B262EBC09D100CAFA9B /* Products */ = {
			isa = PBXGroup;
			children = (
				5B473B252EBC09D100CAFA9B /* tapelab-beta.app */,
				5B473B322EBC09D300CAFA9B /* tapelab-betaTests.xctest */,
				5B473B3C2EBC09D300CAFA9B /* tapelab-betaUITests.xctest */,
			);
			name = Products;
			sourceTree = "<group>";
		};
/* End PBXGroup section */

/* Begin PBXNativeTarget section */
		5B473B242EBC09D100CAFA9B /* tapelab-beta */ = {
			isa = PBXNativeTarget;
			buildConfigurationList = 5B473B462EBC09D300CAFA9B /* Build configuration list for PBXNativeTarget "tapelab-beta" */;
			buildPhases = (
				5B473B212EBC09D100CAFA9B /* Sources */,
				5B473B222EBC09D100CAFA9B /* Frameworks */,
				5B473B232EBC09D100CAFA9B /* Resources */,
			);
			buildRules = (
			);
			dependencies = (
			);
			fileSystemSynchronizedGroups = (
				5B473B272EBC09D100CAFA9B /* tapelab-beta */,
			);
			name = "tapelab-beta";
			packageProductDependencies = (
				5B473BCE2EBFBC7700CAFA9B /* Lottie */,
			);
			productName = "tapelab-beta";
			productReference = 5B473B252EBC09D100CAFA9B /* tapelab-beta.app */;
			productType = "com.apple.product-type.application";
		};
		5B473B312EBC09D300CAFA9B /* tapelab-betaTests */ = {
			isa = PBXNativeTarget;
			buildConfigurationList = 5B473B492EBC09D300CAFA9B /* Build configuration list for PBXNativeTarget "tapelab-betaTests" */;
			buildPhases = (
				5B473B2E2EBC09D300CAFA9B /* Sources */,
				5B473B2F2EBC09D300CAFA9B /* Frameworks */,
				5B473B302EBC09D300CAFA9B /* Resources */,
			);
			buildRules = (
			);
			dependencies = (
				5B473B342EBC09D300CAFA9B /* PBXTargetDependency */,
			);
			fileSystemSynchronizedGroups = (
				5B473B352EBC09D300CAFA9B /* tapelab-betaTests */,
			);
			name = "tapelab-betaTests";
			packageProductDependencies = (
			);
			productName = "tapelab-betaTests";
			productReference = 5B473B322EBC09D300CAFA9B /* tapelab-betaTests.xctest */;
			productType = "com.apple.product-type.bundle.unit-test";
		};
		5B473B3B2EBC09D300CAFA9B /* tapelab-betaUITests */ = {
			isa = PBXNativeTarget;
			buildConfigurationList = 5B473B4C2EBC09D300CAFA9B /* Build configuration list for PBXNativeTarget "tapelab-betaUITests" */;
			buildPhases = (
				5B473B382EBC09D300CAFA9B /* Sources */,
				5B473B392EBC09D300CAFA9B /* Frameworks */,
				5B473B3A2EBC09D300CAFA9B /* Resources */,
			);
			buildRules = (
			);
			dependencies = (
				5B473B3E2EBC09D300CAFA9B /* PBXTargetDependency */,
			);
			fileSystemSynchronizedGroups = (
				5B473B3F2EBC09D300CAFA9B /* tapelab-betaUITests */,
			);
			name = "tapelab-betaUITests";
			packageProductDependencies = (
			);
			productName = "tapelab-betaUITests";
			productReference = 5B473B3C2EBC09D300CAFA9B /* tapelab-betaUITests.xctest */;
			productType = "com.apple.product-type.bundle.ui-testing";
		};
/* End PBXNativeTarget section */

/* Begin PBXProject section */
		5B473B1D2EBC09D100CAFA9B /* Project object */ = {
			isa = PBXProject;
			attributes = {
				BuildIndependentTargetsInParallel = 1;
				LastSwiftUpdateCheck = 2600;
				LastUpgradeCheck = 2600;
				TargetAttributes = {
					5B473B242EBC09D100CAFA9B = {
						CreatedOnToolsVersion = 26.0.1;
					};
					5B473B312EBC09D300CAFA9B = {
						CreatedOnToolsVersion = 26.0.1;
						TestTargetID = 5B473B242EBC09D100CAFA9B;
					};
					5B473B3B2EBC09D300CAFA9B = {
						CreatedOnToolsVersion = 26.0.1;
						TestTargetID = 5B473B242EBC09D100CAFA9B;
					};
				};
			};
			buildConfigurationList = 5B473B202EBC09D100CAFA9B /* Build configuration list for PBXProject "tapelab-beta" */;
			developmentRegion = en;
			hasScannedForEncodings = 0;
			knownRegions = (
				en,
				Base,
			);
			mainGroup = 5B473B1C2EBC09D100CAFA9B;
			minimizedProjectReferenceProxies = 1;
			packageReferences = (
				5B473BCD2EBFBC7700CAFA9B /* XCRemoteSwiftPackageReference "lottie-spm" */,
			);
			preferredProjectObjectVersion = 77;
			productRefGroup = 5B473B262EBC09D100CAFA9B /* Products */;
			projectDirPath = "";
			projectRoot = "";
			targets = (
				5B473B242EBC09D100CAFA9B /* tapelab-beta */,
				5B473B312EBC09D300CAFA9B /* tapelab-betaTests */,
				5B473B3B2EBC09D300CAFA9B /* tapelab-betaUITests */,
			);
		};
/* End PBXProject section */

/* Begin PBXResourcesBuildPhase section */
		5B473B232EBC09D100CAFA9B /* Resources */ = {
			isa = PBXResourcesBuildPhase;
			buildActionMask = 2147483647;
			files = (
			);
			runOnlyForDeploymentPostprocessing = 0;
		};
		5B473B302EBC09D300CAFA9B /* Resources */ = {
			isa = PBXResourcesBuildPhase;
			buildActionMask = 2147483647;
			files = (
			);
			runOnlyForDeploymentPostprocessing = 0;
		};
		5B473B3A2EBC09D300CAFA9B /* Resources */ = {
			isa = PBXResourcesBuildPhase;
			buildActionMask = 2147483647;
			files = (
			);
			runOnlyForDeploymentPostprocessing = 0;
		};
/* End PBXResourcesBuildPhase section */

/* Begin PBXSourcesBuildPhase section */
		5B473B212EBC09D100CAFA9B /* Sources */ = {
			isa = PBXSourcesBuildPhase;
			buildActionMask = 2147483647;
			files = (
			);
			runOnlyForDeploymentPostprocessing = 0;
		};
		5B473B2E2EBC09D300CAFA9B /* Sources */ = {
			isa = PBXSourcesBuildPhase;
			buildActionMask = 2147483647;
			files = (
			);
			runOnlyForDeploymentPostprocessing = 0;
		};
		5B473B382EBC09D300CAFA9B /* Sources */ = {
			isa = PBXSourcesBuildPhase;
			buildActionMask = 2147483647;
			files = (
			);
			runOnlyForDeploymentPostprocessing = 0;
		};
/* End PBXSourcesBuildPhase section */

/* Begin PBXTargetDependency section */
		5B473B342EBC09D300CAFA9B /* PBXTargetDependency */ = {
			isa = PBXTargetDependency;
			target = 5B473B242EBC09D100CAFA9B /* tapelab-beta */;
			targetProxy = 5B473B332EBC09D300CAFA9B /* PBXContainerItemProxy */;
		};
		5B473B3E2EBC09D300CAFA9B /* PBXTargetDependency */ = {
			isa = PBXTargetDependency;
			target = 5B473B242EBC09D100CAFA9B /* tapelab-beta */;
			targetProxy = 5B473B3D2EBC09D300CAFA9B /* PBXContainerItemProxy */;
		};
/* End PBXTargetDependency section */

/* Begin XCBuildConfiguration section */
		5B473B442EBC09D300CAFA9B /* Debug */ = {
			isa = XCBuildConfiguration;
			buildSettings = {
				ALWAYS_SEARCH_USER_PATHS = NO;
				ASSETCATALOG_COMPILER_GENERATE_SWIFT_ASSET_SYMBOL_EXTENSIONS = YES;
				CLANG_ANALYZER_NONNULL = YES;
				CLANG_ANALYZER_NUMBER_OBJECT_CONVERSION = YES_AGGRESSIVE;
				CLANG_CXX_LANGUAGE_STANDARD = "gnu++20";
				CLANG_ENABLE_MODULES = YES;
				CLANG_ENABLE_OBJC_ARC = YES;
				CLANG_ENABLE_OBJC_WEAK = YES;
				CLANG_WARN_BLOCK_CAPTURE_AUTORELEASING = YES;
				CLANG_WARN_BOOL_CONVERSION = YES;
				CLANG_WARN_COMMA = YES;
				CLANG_WARN_CONSTANT_CONVERSION = YES;
				CLANG_WARN_DEPRECATED_OBJC_IMPLEMENTATIONS = YES;
				CLANG_WARN_DIRECT_OBJC_ISA_USAGE = YES_ERROR;
				CLANG_WARN_DOCUMENTATION_COMMENTS = YES;
				CLANG_WARN_EMPTY_BODY = YES;
				CLANG_WARN_ENUM_CONVERSION = YES;
				CLANG_WARN_INFINITE_RECURSION = YES;
				CLANG_WARN_INT_CONVERSION = YES;
				CLANG_WARN_NON_LITERAL_NULL_CONVERSION = YES;
				CLANG_WARN_OBJC_IMPLICIT_RETAIN_SELF = YES;
				CLANG_WARN_OBJC_LITERAL_CONVERSION = YES;
				CLANG_WARN_OBJC_ROOT_CLASS = YES_ERROR;
				CLANG_WARN_QUOTED_INCLUDE_IN_FRAMEWORK_HEADER = YES;
				CLANG_WARN_RANGE_LOOP_ANALYSIS = YES;
				CLANG_WARN_STRICT_PROTOTYPES = YES;
				CLANG_WARN_SUSPICIOUS_MOVE = YES;
				CLANG_WARN_UNGUARDED_AVAILABILITY = YES_AGGRESSIVE;
				CLANG_WARN_UNREACHABLE_CODE = YES;
				CLANG_WARN__DUPLICATE_METHOD_MATCH = YES;
				COPY_PHASE_STRIP = NO;
				DEBUG_INFORMATION_FORMAT = dwarf;
				DEVELOPMENT_TEAM = P3TGQ8WNAJ;
				ENABLE_STRICT_OBJC_MSGSEND = YES;
				ENABLE_TESTABILITY = YES;
				ENABLE_USER_SCRIPT_SANDBOXING = YES;
				GCC_C_LANGUAGE_STANDARD = gnu17;
				GCC_DYNAMIC_NO_PIC = NO;
				GCC_NO_COMMON_BLOCKS = YES;
				GCC_OPTIMIZATION_LEVEL = 0;
				GCC_PREPROCESSOR_DEFINITIONS = (
					"DEBUG=1",
					"$(inherited)",
				);
				GCC_WARN_64_TO_32_BIT_CONVERSION = YES;
				GCC_WARN_ABOUT_RETURN_TYPE = YES_ERROR;
				GCC_WARN_UNDECLARED_SELECTOR = YES;
				GCC_WARN_UNINITIALIZED_AUTOS = YES_AGGRESSIVE;
				GCC_WARN_UNUSED_FUNCTION = YES;
				GCC_WARN_UNUSED_VARIABLE = YES;
				IPHONEOS_DEPLOYMENT_TARGET = 17.0;
				LOCALIZATION_PREFERS_STRING_CATALOGS = YES;
				MTL_ENABLE_DEBUG_INFO = INCLUDE_SOURCE;
				MTL_FAST_MATH = YES;
				ONLY_ACTIVE_ARCH = YES;
				SDKROOT = iphoneos;
				SWIFT_ACTIVE_COMPILATION_CONDITIONS = "DEBUG $(inherited)";
				SWIFT_OPTIMIZATION_LEVEL = "-Onone";
			};
			name = Debug;
		};
		5B473B452EBC09D300CAFA9B /* Release */ = {
			isa = XCBuildConfiguration;
			buildSettings = {
				ALWAYS_SEARCH_USER_PATHS = NO;
				ASSETCATALOG_COMPILER_GENERATE_SWIFT_ASSET_SYMBOL_EXTENSIONS = YES;
				CLANG_ANALYZER_NONNULL = YES;
				CLANG_ANALYZER_NUMBER_OBJECT_CONVERSION = YES_AGGRESSIVE;
				CLANG_CXX_LANGUAGE_STANDARD = "gnu++20";
				CLANG_ENABLE_MODULES = YES;
				CLANG_ENABLE_OBJC_ARC = YES;
				CLANG_ENABLE_OBJC_WEAK = YES;
				CLANG_WARN_BLOCK_CAPTURE_AUTORELEASING = YES;
				CLANG_WARN_BOOL_CONVERSION = YES;
				CLANG_WARN_COMMA = YES;
				CLANG_WARN_CONSTANT_CONVERSION = YES;
				CLANG_WARN_DEPRECATED_OBJC_IMPLEMENTATIONS = YES;
				CLANG_WARN_DIRECT_OBJC_ISA_USAGE = YES_ERROR;
				CLANG_WARN_DOCUMENTATION_COMMENTS = YES;
				CLANG_WARN_EMPTY_BODY = YES;
				CLANG_WARN_ENUM_CONVERSION = YES;
				CLANG_WARN_INFINITE_RECURSION = YES;
				CLANG_WARN_INT_CONVERSION = YES;
				CLANG_WARN_NON_LITERAL_NULL_CONVERSION = YES;
				CLANG_WARN_OBJC_IMPLICIT_RETAIN_SELF = YES;
				CLANG_WARN_OBJC_LITERAL_CONVERSION = YES;
				CLANG_WARN_OBJC_ROOT_CLASS = YES_ERROR;
				CLANG_WARN_QUOTED_INCLUDE_IN_FRAMEWORK_HEADER = YES;
				CLANG_WARN_RANGE_LOOP_ANALYSIS = YES;
				CLANG_WARN_STRICT_PROTOTYPES = YES;
				CLANG_WARN_SUSPICIOUS_MOVE = YES;
				CLANG_WARN_UNGUARDED_AVAILABILITY = YES_AGGRESSIVE;
				CLANG_WARN_UNREACHABLE_CODE = YES;
				CLANG_WARN__DUPLICATE_METHOD_MATCH = YES;
				COPY_PHASE_STRIP = NO;
				DEBUG_INFORMATION_FORMAT = "dwarf-with-dsym";
				DEVELOPMENT_TEAM = P3TGQ8WNAJ;
				ENABLE_NS_ASSERTIONS = NO;
				ENABLE_STRICT_OBJC_MSGSEND = YES;
				ENABLE_USER_SCRIPT_SANDBOXING = YES;
				GCC_C_LANGUAGE_STANDARD = gnu17;
				GCC_NO_COMMON_BLOCKS = YES;
				GCC_WARN_64_TO_32_BIT_CONVERSION = YES;
				GCC_WARN_ABOUT_RETURN_TYPE = YES_ERROR;
				GCC_WARN_UNDECLARED_SELECTOR = YES;
				GCC_WARN_UNINITIALIZED_AUTOS = YES_AGGRESSIVE;
				GCC_WARN_UNUSED_FUNCTION = YES;
				GCC_WARN_UNUSED_VARIABLE = YES;
				IPHONEOS_DEPLOYMENT_TARGET = 17.0;
				LOCALIZATION_PREFERS_STRING_CATALOGS = YES;
				MTL_ENABLE_DEBUG_INFO = NO;
				MTL_FAST_MATH = YES;
				SDKROOT = iphoneos;
				SWIFT_COMPILATION_MODE = wholemodule;
				VALIDATE_PRODUCT = YES;
			};
			name = Release;
		};
		5B473B472EBC09D300CAFA9B /* Debug */ = {
			isa = XCBuildConfiguration;
			buildSettings = {
				ASSETCATALOG_COMPILER_APPICON_NAME = AppIcon;
				ASSETCATALOG_COMPILER_GLOBAL_ACCENT_COLOR_NAME = AccentColor;
				CODE_SIGN_STYLE = Automatic;
				CURRENT_PROJECT_VERSION = 1;
				DEVELOPMENT_TEAM = P3TGQ8WNAJ;
				ENABLE_PREVIEWS = YES;
				GENERATE_INFOPLIST_FILE = YES;
				INFOPLIST_KEY_CFBundleDisplayName = 4track;
				INFOPLIST_KEY_NSMicrophoneUsageDescription = "4track needs microphone access to record audio on up to 4 tracks.";
				INFOPLIST_KEY_UIApplicationSceneManifest_Generation = YES;
				INFOPLIST_KEY_UIApplicationSupportsIndirectInputEvents = YES;
				INFOPLIST_KEY_UILaunchScreen_Generation = YES;
				INFOPLIST_KEY_UISupportedInterfaceOrientations_iPad = "UIInterfaceOrientationPortrait UIInterfaceOrientationPortraitUpsideDown UIInterfaceOrientationLandscapeLeft UIInterfaceOrientationLandscapeRight";
				INFOPLIST_KEY_UISupportedInterfaceOrientations_iPhone = "UIInterfaceOrientationPortrait UIInterfaceOrientationLandscapeLeft UIInterfaceOrientationLandscapeRight";
				LD_RUNPATH_SEARCH_PATHS = (
					"$(inherited)",
					"@executable_path/Frameworks",
				);
				MARKETING_VERSION = 1.0;
				PRODUCT_BUNDLE_IDENTIFIER = frvncois.tapelab;
				PRODUCT_NAME = "$(TARGET_NAME)";
				STRING_CATALOG_GENERATE_SYMBOLS = YES;
				SWIFT_APPROACHABLE_CONCURRENCY = YES;
				SWIFT_DEFAULT_ACTOR_ISOLATION = MainActor;
				SWIFT_EMIT_LOC_STRINGS = YES;
				SWIFT_UPCOMING_FEATURE_MEMBER_IMPORT_VISIBILITY = YES;
				SWIFT_VERSION = 5.0;
				TARGETED_DEVICE_FAMILY = "1,2";
			};
			name = Debug;
		};
		5B473B482EBC09D300CAFA9B /* Release */ = {
			isa = XCBuildConfiguration;
			buildSettings = {
				ASSETCATALOG_COMPILER_APPICON_NAME = AppIcon;
				ASSETCATALOG_COMPILER_GLOBAL_ACCENT_COLOR_NAME = AccentColor;
				CODE_SIGN_STYLE = Automatic;
				CURRENT_PROJECT_VERSION = 1;
				DEVELOPMENT_TEAM = P3TGQ8WNAJ;
				ENABLE_PREVIEWS = YES;
				GENERATE_INFOPLIST_FILE = YES;
				INFOPLIST_KEY_CFBundleDisplayName = 4track;
				INFOPLIST_KEY_NSMicrophoneUsageDescription = "4track needs microphone access to record audio on up to 4 tracks.";
				INFOPLIST_KEY_UIApplicationSceneManifest_Generation = YES;
				INFOPLIST_KEY_UIApplicationSupportsIndirectInputEvents = YES;
				INFOPLIST_KEY_UILaunchScreen_Generation = YES;
				INFOPLIST_KEY_UISupportedInterfaceOrientations_iPad = "UIInterfaceOrientationPortrait UIInterfaceOrientationPortraitUpsideDown UIInterfaceOrientationLandscapeLeft UIInterfaceOrientationLandscapeRight";
				INFOPLIST_KEY_UISupportedInterfaceOrientations_iPhone = "UIInterfaceOrientationPortrait UIInterfaceOrientationLandscapeLeft UIInterfaceOrientationLandscapeRight";
				LD_RUNPATH_SEARCH_PATHS = (
					"$(inherited)",
					"@executable_path/Frameworks",
				);
				MARKETING_VERSION = 1.0;
				PRODUCT_BUNDLE_IDENTIFIER = frvncois.tapelab;
				PRODUCT_NAME = "$(TARGET_NAME)";
				STRING_CATALOG_GENERATE_SYMBOLS = YES;
				SWIFT_APPROACHABLE_CONCURRENCY = YES;
				SWIFT_DEFAULT_ACTOR_ISOLATION = MainActor;
				SWIFT_EMIT_LOC_STRINGS = YES;
				SWIFT_UPCOMING_FEATURE_MEMBER_IMPORT_VISIBILITY = YES;
				SWIFT_VERSION = 5.0;
				TARGETED_DEVICE_FAMILY = "1,2";
			};
			name = Release;
		};
		5B473B4A2EBC09D300CAFA9B /* Debug */ = {
			isa = XCBuildConfiguration;
			buildSettings = {
				BUNDLE_LOADER = "$(TEST_HOST)";
				CODE_SIGN_STYLE = Automatic;
				CURRENT_PROJECT_VERSION = 1;
				DEVELOPMENT_TEAM = P3TGQ8WNAJ;
				GENERATE_INFOPLIST_FILE = YES;
				IPHONEOS_DEPLOYMENT_TARGET = 17.0;
				MARKETING_VERSION = 1.0;
				PRODUCT_BUNDLE_IDENTIFIER = "frvncois.tapelab-betaTests";
				PRODUCT_NAME = "$(TARGET_NAME)";
				STRING_CATALOG_GENERATE_SYMBOLS = NO;
				SWIFT_APPROACHABLE_CONCURRENCY = YES;
				SWIFT_EMIT_LOC_STRINGS = NO;
				SWIFT_UPCOMING_FEATURE_MEMBER_IMPORT_VISIBILITY = YES;
				SWIFT_VERSION = 5.0;
				TARGETED_DEVICE_FAMILY = "1,2";
				TEST_HOST = "$(BUILT_PRODUCTS_DIR)/tapelab-beta.app/$(BUNDLE_EXECUTABLE_FOLDER_PATH)/tapelab-beta";
			};
			name = Debug;
		};
		5B473B4B2EBC09D300CAFA9B /* Release */ = {
			isa = XCBuildConfiguration;
			buildSettings = {
				BUNDLE_LOADER = "$(TEST_HOST)";
				CODE_SIGN_STYLE = Automatic;
				CURRENT_PROJECT_VERSION = 1;
				DEVELOPMENT_TEAM = P3TGQ8WNAJ;
				GENERATE_INFOPLIST_FILE = YES;
				IPHONEOS_DEPLOYMENT_TARGET = 17.0;
				MARKETING_VERSION = 1.0;
				PRODUCT_BUNDLE_IDENTIFIER = "frvncois.tapelab-betaTests";
				PRODUCT_NAME = "$(TARGET_NAME)";
				STRING_CATALOG_GENERATE_SYMBOLS = NO;
				SWIFT_APPROACHABLE_CONCURRENCY = YES;
				SWIFT_EMIT_LOC_STRINGS = NO;
				SWIFT_UPCOMING_FEATURE_MEMBER_IMPORT_VISIBILITY = YES;
				SWIFT_VERSION = 5.0;
				TARGETED_DEVICE_FAMILY = "1,2";
				TEST_HOST = "$(BUILT_PRODUCTS_DIR)/tapelab-beta.app/$(BUNDLE_EXECUTABLE_FOLDER_PATH)/tapelab-beta";
			};
			name = Release;
		};
		5B473B4D2EBC09D300CAFA9B /* Debug */ = {
			isa = XCBuildConfiguration;
			buildSettings = {
				CODE_SIGN_STYLE = Automatic;
				CURRENT_PROJECT_VERSION = 1;
				DEVELOPMENT_TEAM = P3TGQ8WNAJ;
				GENERATE_INFOPLIST_FILE = YES;
				MARKETING_VERSION = 1.0;
				PRODUCT_BUNDLE_IDENTIFIER = "frvncois.tapelab-betaUITests";
				PRODUCT_NAME = "$(TARGET_NAME)";
				STRING_CATALOG_GENERATE_SYMBOLS = NO;
				SWIFT_APPROACHABLE_CONCURRENCY = YES;
				SWIFT_EMIT_LOC_STRINGS = NO;
				SWIFT_UPCOMING_FEATURE_MEMBER_IMPORT_VISIBILITY = YES;
				SWIFT_VERSION = 5.0;
				TARGETED_DEVICE_FAMILY = "1,2";
				TEST_TARGET_NAME = "tapelab-beta";
			};
			name = Debug;
		};
		5B473B4E2EBC09D300CAFA9B /* Release */ = {
			isa = XCBuildConfiguration;
			buildSettings = {
				CODE_SIGN_STYLE = Automatic;
				CURRENT_PROJECT_VERSION = 1;
				DEVELOPMENT_TEAM = P3TGQ8WNAJ;
				GENERATE_INFOPLIST_FILE = YES;
				MARKETING_VERSION = 1.0;
				PRODUCT_BUNDLE_IDENTIFIER = "frvncois.tapelab-betaUITests";
				PRODUCT_NAME = "$(TARGET_NAME)";
				STRING_CATALOG_GENERATE_SYMBOLS = NO;
				SWIFT_APPROACHABLE_CONCURRENCY = YES;
				SWIFT_EMIT_LOC_STRINGS = NO;
				SWIFT_UPCOMING_FEATURE_MEMBER_IMPORT_VISIBILITY = YES;
				SWIFT_VERSION = 5.0;
				TARGETED_DEVICE_FAMILY = "1,2";
				TEST_TARGET_NAME = "tapelab-beta";
			};
			name = Release;
		};
/* End XCBuildConfiguration section */

/* Begin XCConfigurationList section */
		5B473B202EBC09D100CAFA9B /* Build configuration list for PBXProject "tapelab-beta" */ = {
			isa = XCConfigurationList;
			buildConfigurations = (
				5B473B442EBC09D300CAFA9B /* Debug */,
				5B473B452EBC09D300CAFA9B /* Release */,
			);
			defaultConfigurationIsVisible = 0;
			defaultConfigurationName = Release;
		};
		5B473B462EBC09D300CAFA9B /* Build configuration list for PBXNativeTarget "tapelab-beta" */ = {
			isa = XCConfigurationList;
			buildConfigurations = (
				5B473B472EBC09D300CAFA9B /* Debug */,
				5B473B482EBC09D300CAFA9B /* Release */,
			);
			defaultConfigurationIsVisible = 0;
			defaultConfigurationName = Release;
		};
		5B473B492EBC09D300CAFA9B /* Build configuration list for PBXNativeTarget "tapelab-betaTests" */ = {
			isa = XCConfigurationList;
			buildConfigurations = (
				5B473B4A2EBC09D300CAFA9B /* Debug */,
				5B473B4B2EBC09D300CAFA9B /* Release */,
			);
			defaultConfigurationIsVisible = 0;
			defaultConfigurationName = Release;
		};
		5B473B4C2EBC09D300CAFA9B /* Build configuration list for PBXNativeTarget "tapelab-betaUITests" */ = {
			isa = XCConfigurationList;
			buildConfigurations = (
				5B473B4D2EBC09D300CAFA9B /* Debug */,
				5B473B4E2EBC09D300CAFA9B /* Release */,
			);
			defaultConfigurationIsVisible = 0;
			defaultConfigurationName = Release;
		};
/* End XCConfigurationList section */

/* Begin XCRemoteSwiftPackageReference section */
		5B473BCD2EBFBC7700CAFA9B /* XCRemoteSwiftPackageReference "lottie-spm" */ = {
			isa = XCRemoteSwiftPackageReference;
			repositoryURL = "https://github.com/airbnb/lottie-spm.git";
			requirement = {
				kind = upToNextMajorVersion;
				minimumVersion = 4.5.2;
			};
		};
/* End XCRemoteSwiftPackageReference section */

/* Begin XCSwiftPackageProductDependency section */
		5B473BCE2EBFBC7700CAFA9B /* Lottie */ = {
			isa = XCSwiftPackageProductDependency;
			package = 5B473BCD2EBFBC7700CAFA9B /* XCRemoteSwiftPackageReference "lottie-spm" */;
			productName = Lottie;
		};
/* End XCSwiftPackageProductDependency section */
	};
	rootObject = 5B473B1D2EBC09D100CAFA9B /* Project object */;
}
